
Microsoft Visual Studio Solution File, Format Version 12.00
# Visual Studio Version 17
VisualStudioVersion = 17.8.34330.188
MinimumVisualStudioVersion = 10.0.40219.1
Project("{FAE04EC0-301F-11D3-BF4B-00C04F79EFBC}") = "h12", "h12\h12.csproj", "{BC398E66-CAC1-4EB5-841D-A801DAA1ABD0}"
EndProject
Global
	GlobalSection(SolutionConfigurationPlatforms) = preSolution
		Debug|Any CPU = Debug|Any CPU
		Release|Any CPU = Release|Any CPU
	EndGlobalSection
	GlobalSection(ProjectConfigurationPlatforms) = postSolution
		{BC398E66-CAC1-4EB5-841D-A801DAA1ABD0}.Debug|Any CPU.ActiveCfg = Debug|Any CPU
		{BC398E66-CAC1-4EB5-841D-A801DAA1ABD0}.Debug|Any CPU.Build.0 = Debug|Any CPU
		{BC398E66-CAC1-4EB5-841D-A801DAA1ABD0}.Release|Any CPU.ActiveCfg = Release|Any CPU
		{BC398E66-CAC1-4EB5-841D-A801DAA1ABD0}.Release|Any CPU.Build.0 = Release|Any CPU
	EndGlobalSection
	GlobalSection(SolutionProperties) = preSolution
		HideSolutionNode = FALSE
	EndGlobalSection
	GlobalSection(ExtensibilityGlobals) = postSolution
		SolutionGuid = {437370C3-3F9A-4280-8DE0-8B4BBEBE2C8D}
	EndGlobalSection
EndGlobal
